
Microsoft Visual Studio Solution File, Format Version 12.00
# Visual Studio Version 17
VisualStudioVersion = 17.7.34024.191
MinimumVisualStudioVersion = 10.0.40219.1
Project("{FAE04EC0-301F-11D3-BF4B-00C04F79EFBC}") = "BookStoreApp", "BookStoreApp\BookStoreApp.csproj", "{A555CC03-6850-4EF3-8736-532B8DC69599}"
EndProject
Global
	GlobalSection(SolutionConfigurationPlatforms) = preSolution
		Debug|Any CPU = Debug|Any CPU
		Release|Any CPU = Release|Any CPU
	EndGlobalSection
	GlobalSection(ProjectConfigurationPlatforms) = postSolution
		{A555CC03-6850-4EF3-8736-532B8DC69599}.Debug|Any CPU.ActiveCfg = Debug|Any CPU
		{A555CC03-6850-4EF3-8736-532B8DC69599}.Debug|Any CPU.Build.0 = Debug|Any CPU
		{A555CC03-6850-4EF3-8736-532B8DC69599}.Release|Any CPU.ActiveCfg = Release|Any CPU
		{A555CC03-6850-4EF3-8736-532B8DC69599}.Release|Any CPU.Build.0 = Release|Any CPU
	EndGlobalSection
	GlobalSection(SolutionProperties) = preSolution
		HideSolutionNode = FALSE
	EndGlobalSection
	GlobalSection(ExtensibilityGlobals) = postSolution
		SolutionGuid = {2474C360-7248-4353-820A-53ED26904285}
	EndGlobalSection
EndGlobal
