
Microsoft Visual Studio Solution File, Format Version 12.00
# Visual Studio Version 17
VisualStudioVersion = 17.7.34024.191
MinimumVisualStudioVersion = 10.0.40219.1
Project("{FAE04EC0-301F-11D3-BF4B-00C04F79EFBC}") = "ProductMgmt", "ProductMgmt\ProductMgmt.csproj", "{3ECF2D16-4559-4EE8-BBC9-3E142BBA395E}"
EndProject
Global
	GlobalSection(SolutionConfigurationPlatforms) = preSolution
		Debug|Any CPU = Debug|Any CPU
		Release|Any CPU = Release|Any CPU
	EndGlobalSection
	GlobalSection(ProjectConfigurationPlatforms) = postSolution
		{3ECF2D16-4559-4EE8-BBC9-3E142BBA395E}.Debug|Any CPU.ActiveCfg = Debug|Any CPU
		{3ECF2D16-4559-4EE8-BBC9-3E142BBA395E}.Debug|Any CPU.Build.0 = Debug|Any CPU
		{3ECF2D16-4559-4EE8-BBC9-3E142BBA395E}.Release|Any CPU.ActiveCfg = Release|Any CPU
		{3ECF2D16-4559-4EE8-BBC9-3E142BBA395E}.Release|Any CPU.Build.0 = Release|Any CPU
	EndGlobalSection
	GlobalSection(SolutionProperties) = preSolution
		HideSolutionNode = FALSE
	EndGlobalSection
	GlobalSection(ExtensibilityGlobals) = postSolution
		SolutionGuid = {F8C53A7C-F094-4D2E-AAB8-9815C25A5812}
	EndGlobalSection
EndGlobal
